
Microsoft Visual Studio Solution File, Format Version 12.00
# Visual Studio Version 17
VisualStudioVersion = 17.0.31912.275
MinimumVisualStudioVersion = 10.0.40219.1
Project("{9A19103F-16F7-4668-BE54-9A1E7A4F7556}") = "BlazorStudio.Compiler.Tests", "Compiler\BlazorStudio.Compiler.Tests\BlazorStudio.Compiler.Tests.csproj", "{FB98F354-2FAF-4B68-81E9-D2B6CCE86DF5}"
EndProject
Project("{9A19103F-16F7-4668-BE54-9A1E7A4F7556}") = "BlazorStudio.Compiler.ClassLibrary", "Compiler\BlazorStudio.Compiler.ClassLibrary\BlazorStudio.Compiler.ClassLibrary.csproj", "{E2DD235E-9C4A-4E13-B6BE-1C3633FD8B93}"
EndProject
Project("{9A19103F-16F7-4668-BE54-9A1E7A4F7556}") = "BlazorStudio.UiBlazor.Components", "UiBlazor\BlazorStudio.UiBlazor.Components\BlazorStudio.UiBlazor.Components.csproj", "{6D3AACA1-185A-485B-9A01-C6F534603964}"
EndProject
Project("{9A19103F-16F7-4668-BE54-9A1E7A4F7556}") = "BlazorStudio.UiBlazor.App.ServerSide", "UiBlazor\BlazorStudio.UiBlazor.App.ServerSide\BlazorStudio.UiBlazor.App.ServerSide.csproj", "{ABD0604C-ABBD-463E-B9D5-17CEFAA9A435}"
EndProject
Project("{9A19103F-16F7-4668-BE54-9A1E7A4F7556}") = "BlazorStudio.UiBlazor.App.WebAssembly", "UiBlazor\BlazorStudio.UiBlazor.App.WebAssembly\BlazorStudio.UiBlazor.App.WebAssembly.csproj", "{845566DF-407F-4192-AD76-E4557C40DDCC}"
EndProject
Project("{9A19103F-16F7-4668-BE54-9A1E7A4F7556}") = "BlazorStudio.UiBlazor.PlainTextEditor", "BlazorStudio.UiBlazor.PlainTextEditor\BlazorStudio.UiBlazor.PlainTextEditor.csproj", "{8DDEF587-BB3E-4812-A8F0-7409594B0345}"
EndProject
Project("{9A19103F-16F7-4668-BE54-9A1E7A4F7556}") = "BlazorStudio.Maui.App", "Maui\BlazorStudio.Maui.App\BlazorStudio.Maui.App.csproj", "{1862825D-9F00-49EF-92A0-756FA296A3B7}"
EndProject
Project("{9A19103F-16F7-4668-BE54-9A1E7A4F7556}") = "BlazorStudio.FileSystem.ClassLibrary", "FileSystem\BlazorStudio.FileSystem.ClassLibrary\BlazorStudio.FileSystem.ClassLibrary.csproj", "{514EE51B-9438-4A11-9C69-E21143942E6D}"
EndProject
Project("{9A19103F-16F7-4668-BE54-9A1E7A4F7556}") = "BlazorStudio.FileSystem.Tests", "FileSystem\BlazorStudio.FileSystem.Tests\BlazorStudio.FileSystem.Tests.csproj", "{DBA5C260-6B6F-475E-99F0-434F0EE31784}"
EndProject
Project("{9A19103F-16F7-4668-BE54-9A1E7A4F7556}") = "BlazorStudio.Logic.ClassLibrary", "Logic\BlazorStudio.Logic.ClassLibrary\BlazorStudio.Logic.ClassLibrary.csproj", "{50A405BE-3A10-4B72-BA4C-9F6F5904806F}"
EndProject
Project("{9A19103F-16F7-4668-BE54-9A1E7A4F7556}") = "BlazorStudio.Logic.Tests", "Logic\BlazorStudio.Logic.Tests\BlazorStudio.Logic.Tests.csproj", "{D64B28B0-5DE7-484C-8F4E-3F8B4815B697}"
EndProject
Project("{2150E333-8FDC-42A3-9474-1A3956D46DE8}") = "ClassLibraries", "ClassLibraries", "{671C5869-673B-4B65-9E92-E62036C3E369}"
EndProject
Project("{2150E333-8FDC-42A3-9474-1A3956D46DE8}") = "Tests", "Tests", "{E2F7731B-4041-4C73-A1EE-05DC44F9C288}"
EndProject
Project("{2150E333-8FDC-42A3-9474-1A3956D46DE8}") = "AppHosts", "AppHosts", "{716BD035-74BF-4B2F-A2ED-1F814D60CAD8}"
EndProject
Project("{2150E333-8FDC-42A3-9474-1A3956D46DE8}") = "RazorLibraries", "RazorLibraries", "{E893BAF0-1C89-4427-90C0-3AFDBBC5F706}"
EndProject
Project("{9A19103F-16F7-4668-BE54-9A1E7A4F7556}") = "BlazorStudio.Editors.ClassLibrary", "Editors\BlazorStudio.Editors.ClassLibrary\BlazorStudio.Editors.ClassLibrary.csproj", "{9D0B0E4A-3C24-4C05-B7D7-83213D38965A}"
EndProject
Project("{9A19103F-16F7-4668-BE54-9A1E7A4F7556}") = "BlazorStudio.Editors.Tests", "Editors\BlazorStudio.Editors.Tests\BlazorStudio.Editors.Tests.csproj", "{28C6C225-9B5B-4CE4-A5F7-4D8BEAAC6B00}"
EndProject
Project("{9A19103F-16F7-4668-BE54-9A1E7A4F7556}") = "BlazorStudio.Shared.ClassLibrary", "Shared\BlazorStudio.Shared.ClassLibrary\BlazorStudio.Shared.ClassLibrary.csproj", "{5515DF49-C661-41C9-9FEA-AFE07A8E9C94}"
EndProject
Project("{FAE04EC0-301F-11D3-BF4B-00C04F79EFBC}") = "BlazorStudio.UiBlazor.Shared", "UiBlazor\BlazorStudio.UiBlazor.Shared\BlazorStudio.UiBlazor.Shared.csproj", "{0CE91DF4-60BF-4A12-B15A-EBEEA5B50214}"
EndProject
Project("{2150E333-8FDC-42A3-9474-1A3956D46DE8}") = "NestedOne", "NestedOne", "{76E9E39E-3BCD-445B-8FA3-AA8EA8FFDACB}"
EndProject
Project("{2150E333-8FDC-42A3-9474-1A3956D46DE8}") = "NestedTwo.Two", "NestedTwo.Two", "{AC4D023D-9DC6-46DD-B211-1263692033B6}"
EndProject
Project("{2150E333-8FDC-42A3-9474-1A3956D46DE8}") = "NestedThree", "NestedThree", "{92975AA3-3E67-4584-85B6-056B8A5F3D35}"
EndProject
Project("{2150E333-8FDC-42A3-9474-1A3956D46DE8}") = "NestedFour", "NestedFour", "{B92D93BF-FAC1-4CD4-95D8-1ABCF782C93B}"
EndProject
Project("{2150E333-8FDC-42A3-9474-1A3956D46DE8}") = "NestedTwo.One", "NestedTwo.One", "{F5638834-F61E-4764-A35F-FE6352CC24FB}"
EndProject
Project("{FAE04EC0-301F-11D3-BF4B-00C04F79EFBC}") = "ProjectNestedFour", "ProjectNestedFour\ProjectNestedFour.csproj", "{5BABFFD4-1E57-4BE4-89B2-CDF4C2393E0F}"
EndProject
Project("{FAE04EC0-301F-11D3-BF4B-00C04F79EFBC}") = "ProjectNestedThree", "ProjectNestedThree\ProjectNestedThree.csproj", "{500B3B26-BB36-457C-BC9F-FE9D0DF3C5CC}"
EndProject
Project("{FAE04EC0-301F-11D3-BF4B-00C04F79EFBC}") = "ProjectNestedTwoTwo", "ProjectNestedTwoTwo\ProjectNestedTwoTwo.csproj", "{01D4D21C-C8EC-4496-B22E-8155F6C6EDC5}"
EndProject
Project("{FAE04EC0-301F-11D3-BF4B-00C04F79EFBC}") = "ProjectNestedTwoOne", "ProjectNestedTwoOne\ProjectNestedTwoOne.csproj", "{C3ECAA06-A624-46A3-A12A-554910019DB6}"
EndProject
Project("{FAE04EC0-301F-11D3-BF4B-00C04F79EFBC}") = "ProjectNestedOne", "ProjectNestedOne\ProjectNestedOne.csproj", "{4D8A4AEB-0AF2-4344-AAE7-DC3A3E5CACFB}"
EndProject
Project("{FAE04EC0-301F-11D3-BF4B-00C04F79EFBC}") = "ProjectAnotherAtTwoOne", "ProjectAnotherAtTwoOne\ProjectAnotherAtTwoOne.csproj", "{DF37268D-4D40-4403-8714-C0FCD8899AD9}"
EndProject
Global
	GlobalSection(SolutionConfigurationPlatforms) = preSolution
		Debug|Any CPU = Debug|Any CPU
		Release|Any CPU = Release|Any CPU
	EndGlobalSection
	GlobalSection(ProjectConfigurationPlatforms) = postSolution
		{FB98F354-2FAF-4B68-81E9-D2B6CCE86DF5}.Debug|Any CPU.ActiveCfg = Debug|Any CPU
		{FB98F354-2FAF-4B68-81E9-D2B6CCE86DF5}.Debug|Any CPU.Build.0 = Debug|Any CPU
		{FB98F354-2FAF-4B68-81E9-D2B6CCE86DF5}.Release|Any CPU.ActiveCfg = Release|Any CPU
		{FB98F354-2FAF-4B68-81E9-D2B6CCE86DF5}.Release|Any CPU.Build.0 = Release|Any CPU
		{E2DD235E-9C4A-4E13-B6BE-1C3633FD8B93}.Debug|Any CPU.ActiveCfg = Debug|Any CPU
		{E2DD235E-9C4A-4E13-B6BE-1C3633FD8B93}.Debug|Any CPU.Build.0 = Debug|Any CPU
		{E2DD235E-9C4A-4E13-B6BE-1C3633FD8B93}.Release|Any CPU.ActiveCfg = Release|Any CPU
		{E2DD235E-9C4A-4E13-B6BE-1C3633FD8B93}.Release|Any CPU.Build.0 = Release|Any CPU
		{6D3AACA1-185A-485B-9A01-C6F534603964}.Debug|Any CPU.ActiveCfg = Debug|Any CPU
		{6D3AACA1-185A-485B-9A01-C6F534603964}.Debug|Any CPU.Build.0 = Debug|Any CPU
		{6D3AACA1-185A-485B-9A01-C6F534603964}.Release|Any CPU.ActiveCfg = Release|Any CPU
		{6D3AACA1-185A-485B-9A01-C6F534603964}.Release|Any CPU.Build.0 = Release|Any CPU
		{ABD0604C-ABBD-463E-B9D5-17CEFAA9A435}.Debug|Any CPU.ActiveCfg = Debug|Any CPU
		{ABD0604C-ABBD-463E-B9D5-17CEFAA9A435}.Debug|Any CPU.Build.0 = Debug|Any CPU
		{ABD0604C-ABBD-463E-B9D5-17CEFAA9A435}.Release|Any CPU.ActiveCfg = Release|Any CPU
		{ABD0604C-ABBD-463E-B9D5-17CEFAA9A435}.Release|Any CPU.Build.0 = Release|Any CPU
		{845566DF-407F-4192-AD76-E4557C40DDCC}.Debug|Any CPU.ActiveCfg = Debug|Any CPU
		{845566DF-407F-4192-AD76-E4557C40DDCC}.Debug|Any CPU.Build.0 = Debug|Any CPU
		{845566DF-407F-4192-AD76-E4557C40DDCC}.Release|Any CPU.ActiveCfg = Release|Any CPU
		{845566DF-407F-4192-AD76-E4557C40DDCC}.Release|Any CPU.Build.0 = Release|Any CPU
		{8DDEF587-BB3E-4812-A8F0-7409594B0345}.Debug|Any CPU.ActiveCfg = Debug|Any CPU
		{8DDEF587-BB3E-4812-A8F0-7409594B0345}.Debug|Any CPU.Build.0 = Debug|Any CPU
		{8DDEF587-BB3E-4812-A8F0-7409594B0345}.Release|Any CPU.ActiveCfg = Release|Any CPU
		{8DDEF587-BB3E-4812-A8F0-7409594B0345}.Release|Any CPU.Build.0 = Release|Any CPU
		{1862825D-9F00-49EF-92A0-756FA296A3B7}.Debug|Any CPU.ActiveCfg = Debug|Any CPU
		{1862825D-9F00-49EF-92A0-756FA296A3B7}.Debug|Any CPU.Build.0 = Debug|Any CPU
		{1862825D-9F00-49EF-92A0-756FA296A3B7}.Debug|Any CPU.Deploy.0 = Debug|Any CPU
		{1862825D-9F00-49EF-92A0-756FA296A3B7}.Release|Any CPU.ActiveCfg = Release|Any CPU
		{1862825D-9F00-49EF-92A0-756FA296A3B7}.Release|Any CPU.Build.0 = Release|Any CPU
		{1862825D-9F00-49EF-92A0-756FA296A3B7}.Release|Any CPU.Deploy.0 = Release|Any CPU
		{514EE51B-9438-4A11-9C69-E21143942E6D}.Debug|Any CPU.ActiveCfg = Debug|Any CPU
		{514EE51B-9438-4A11-9C69-E21143942E6D}.Debug|Any CPU.Build.0 = Debug|Any CPU
		{514EE51B-9438-4A11-9C69-E21143942E6D}.Release|Any CPU.ActiveCfg = Release|Any CPU
		{514EE51B-9438-4A11-9C69-E21143942E6D}.Release|Any CPU.Build.0 = Release|Any CPU
		{DBA5C260-6B6F-475E-99F0-434F0EE31784}.Debug|Any CPU.ActiveCfg = Debug|Any CPU
		{DBA5C260-6B6F-475E-99F0-434F0EE31784}.Debug|Any CPU.Build.0 = Debug|Any CPU
		{DBA5C260-6B6F-475E-99F0-434F0EE31784}.Release|Any CPU.ActiveCfg = Release|Any CPU
		{DBA5C260-6B6F-475E-99F0-434F0EE31784}.Release|Any CPU.Build.0 = Release|Any CPU
		{50A405BE-3A10-4B72-BA4C-9F6F5904806F}.Debug|Any CPU.ActiveCfg = Debug|Any CPU
		{50A405BE-3A10-4B72-BA4C-9F6F5904806F}.Debug|Any CPU.Build.0 = Debug|Any CPU
		{50A405BE-3A10-4B72-BA4C-9F6F5904806F}.Release|Any CPU.ActiveCfg = Release|Any CPU
		{50A405BE-3A10-4B72-BA4C-9F6F5904806F}.Release|Any CPU.Build.0 = Release|Any CPU
		{D64B28B0-5DE7-484C-8F4E-3F8B4815B697}.Debug|Any CPU.ActiveCfg = Debug|Any CPU
		{D64B28B0-5DE7-484C-8F4E-3F8B4815B697}.Debug|Any CPU.Build.0 = Debug|Any CPU
		{D64B28B0-5DE7-484C-8F4E-3F8B4815B697}.Release|Any CPU.ActiveCfg = Release|Any CPU
		{D64B28B0-5DE7-484C-8F4E-3F8B4815B697}.Release|Any CPU.Build.0 = Release|Any CPU
		{9D0B0E4A-3C24-4C05-B7D7-83213D38965A}.Debug|Any CPU.ActiveCfg = Debug|Any CPU
		{9D0B0E4A-3C24-4C05-B7D7-83213D38965A}.Debug|Any CPU.Build.0 = Debug|Any CPU
		{9D0B0E4A-3C24-4C05-B7D7-83213D38965A}.Release|Any CPU.ActiveCfg = Release|Any CPU
		{9D0B0E4A-3C24-4C05-B7D7-83213D38965A}.Release|Any CPU.Build.0 = Release|Any CPU
		{28C6C225-9B5B-4CE4-A5F7-4D8BEAAC6B00}.Debug|Any CPU.ActiveCfg = Debug|Any CPU
		{28C6C225-9B5B-4CE4-A5F7-4D8BEAAC6B00}.Debug|Any CPU.Build.0 = Debug|Any CPU
		{28C6C225-9B5B-4CE4-A5F7-4D8BEAAC6B00}.Release|Any CPU.ActiveCfg = Release|Any CPU
		{28C6C225-9B5B-4CE4-A5F7-4D8BEAAC6B00}.Release|Any CPU.Build.0 = Release|Any CPU
		{5515DF49-C661-41C9-9FEA-AFE07A8E9C94}.Debug|Any CPU.ActiveCfg = Debug|Any CPU
		{5515DF49-C661-41C9-9FEA-AFE07A8E9C94}.Debug|Any CPU.Build.0 = Debug|Any CPU
		{5515DF49-C661-41C9-9FEA-AFE07A8E9C94}.Release|Any CPU.ActiveCfg = Release|Any CPU
		{5515DF49-C661-41C9-9FEA-AFE07A8E9C94}.Release|Any CPU.Build.0 = Release|Any CPU
		{0CE91DF4-60BF-4A12-B15A-EBEEA5B50214}.Debug|Any CPU.ActiveCfg = Debug|Any CPU
		{0CE91DF4-60BF-4A12-B15A-EBEEA5B50214}.Debug|Any CPU.Build.0 = Debug|Any CPU
		{0CE91DF4-60BF-4A12-B15A-EBEEA5B50214}.Release|Any CPU.ActiveCfg = Release|Any CPU
		{0CE91DF4-60BF-4A12-B15A-EBEEA5B50214}.Release|Any CPU.Build.0 = Release|Any CPU
		{5BABFFD4-1E57-4BE4-89B2-CDF4C2393E0F}.Debug|Any CPU.ActiveCfg = Debug|Any CPU
		{5BABFFD4-1E57-4BE4-89B2-CDF4C2393E0F}.Debug|Any CPU.Build.0 = Debug|Any CPU
		{5BABFFD4-1E57-4BE4-89B2-CDF4C2393E0F}.Release|Any CPU.ActiveCfg = Release|Any CPU
		{5BABFFD4-1E57-4BE4-89B2-CDF4C2393E0F}.Release|Any CPU.Build.0 = Release|Any CPU
		{500B3B26-BB36-457C-BC9F-FE9D0DF3C5CC}.Debug|Any CPU.ActiveCfg = Debug|Any CPU
		{500B3B26-BB36-457C-BC9F-FE9D0DF3C5CC}.Debug|Any CPU.Build.0 = Debug|Any CPU
		{500B3B26-BB36-457C-BC9F-FE9D0DF3C5CC}.Release|Any CPU.ActiveCfg = Release|Any CPU
		{500B3B26-BB36-457C-BC9F-FE9D0DF3C5CC}.Release|Any CPU.Build.0 = Release|Any CPU
		{01D4D21C-C8EC-4496-B22E-8155F6C6EDC5}.Debug|Any CPU.ActiveCfg = Debug|Any CPU
		{01D4D21C-C8EC-4496-B22E-8155F6C6EDC5}.Debug|Any CPU.Build.0 = Debug|Any CPU
		{01D4D21C-C8EC-4496-B22E-8155F6C6EDC5}.Release|Any CPU.ActiveCfg = Release|Any CPU
		{01D4D21C-C8EC-4496-B22E-8155F6C6EDC5}.Release|Any CPU.Build.0 = Release|Any CPU
		{C3ECAA06-A624-46A3-A12A-554910019DB6}.Debug|Any CPU.ActiveCfg = Debug|Any CPU
		{C3ECAA06-A624-46A3-A12A-554910019DB6}.Debug|Any CPU.Build.0 = Debug|Any CPU
		{C3ECAA06-A624-46A3-A12A-554910019DB6}.Release|Any CPU.ActiveCfg = Release|Any CPU
		{C3ECAA06-A624-46A3-A12A-554910019DB6}.Release|Any CPU.Build.0 = Release|Any CPU
		{4D8A4AEB-0AF2-4344-AAE7-DC3A3E5CACFB}.Debug|Any CPU.ActiveCfg = Debug|Any CPU
		{4D8A4AEB-0AF2-4344-AAE7-DC3A3E5CACFB}.Debug|Any CPU.Build.0 = Debug|Any CPU
		{4D8A4AEB-0AF2-4344-AAE7-DC3A3E5CACFB}.Release|Any CPU.ActiveCfg = Release|Any CPU
		{4D8A4AEB-0AF2-4344-AAE7-DC3A3E5CACFB}.Release|Any CPU.Build.0 = Release|Any CPU
		{DF37268D-4D40-4403-8714-C0FCD8899AD9}.Debug|Any CPU.ActiveCfg = Debug|Any CPU
		{DF37268D-4D40-4403-8714-C0FCD8899AD9}.Debug|Any CPU.Build.0 = Debug|Any CPU
		{DF37268D-4D40-4403-8714-C0FCD8899AD9}.Release|Any CPU.ActiveCfg = Release|Any CPU
		{DF37268D-4D40-4403-8714-C0FCD8899AD9}.Release|Any CPU.Build.0 = Release|Any CPU
	EndGlobalSection
	GlobalSection(SolutionProperties) = preSolution
		HideSolutionNode = FALSE
	EndGlobalSection
	GlobalSection(NestedProjects) = preSolution
		{FB98F354-2FAF-4B68-81E9-D2B6CCE86DF5} = {E2F7731B-4041-4C73-A1EE-05DC44F9C288}
		{E2DD235E-9C4A-4E13-B6BE-1C3633FD8B93} = {671C5869-673B-4B65-9E92-E62036C3E369}
		{6D3AACA1-185A-485B-9A01-C6F534603964} = {E893BAF0-1C89-4427-90C0-3AFDBBC5F706}
		{ABD0604C-ABBD-463E-B9D5-17CEFAA9A435} = {716BD035-74BF-4B2F-A2ED-1F814D60CAD8}
		{845566DF-407F-4192-AD76-E4557C40DDCC} = {716BD035-74BF-4B2F-A2ED-1F814D60CAD8}
		{8DDEF587-BB3E-4812-A8F0-7409594B0345} = {E893BAF0-1C89-4427-90C0-3AFDBBC5F706}
		{1862825D-9F00-49EF-92A0-756FA296A3B7} = {716BD035-74BF-4B2F-A2ED-1F814D60CAD8}
		{514EE51B-9438-4A11-9C69-E21143942E6D} = {671C5869-673B-4B65-9E92-E62036C3E369}
		{DBA5C260-6B6F-475E-99F0-434F0EE31784} = {E2F7731B-4041-4C73-A1EE-05DC44F9C288}
		{50A405BE-3A10-4B72-BA4C-9F6F5904806F} = {671C5869-673B-4B65-9E92-E62036C3E369}
		{D64B28B0-5DE7-484C-8F4E-3F8B4815B697} = {E2F7731B-4041-4C73-A1EE-05DC44F9C288}
		{9D0B0E4A-3C24-4C05-B7D7-83213D38965A} = {671C5869-673B-4B65-9E92-E62036C3E369}
		{28C6C225-9B5B-4CE4-A5F7-4D8BEAAC6B00} = {E2F7731B-4041-4C73-A1EE-05DC44F9C288}
		{5515DF49-C661-41C9-9FEA-AFE07A8E9C94} = {671C5869-673B-4B65-9E92-E62036C3E369}
		{0CE91DF4-60BF-4A12-B15A-EBEEA5B50214} = {E893BAF0-1C89-4427-90C0-3AFDBBC5F706}
		{AC4D023D-9DC6-46DD-B211-1263692033B6} = {76E9E39E-3BCD-445B-8FA3-AA8EA8FFDACB}
		{92975AA3-3E67-4584-85B6-056B8A5F3D35} = {AC4D023D-9DC6-46DD-B211-1263692033B6}
		{B92D93BF-FAC1-4CD4-95D8-1ABCF782C93B} = {92975AA3-3E67-4584-85B6-056B8A5F3D35}
		{F5638834-F61E-4764-A35F-FE6352CC24FB} = {76E9E39E-3BCD-445B-8FA3-AA8EA8FFDACB}
		{5BABFFD4-1E57-4BE4-89B2-CDF4C2393E0F} = {B92D93BF-FAC1-4CD4-95D8-1ABCF782C93B}
		{500B3B26-BB36-457C-BC9F-FE9D0DF3C5CC} = {92975AA3-3E67-4584-85B6-056B8A5F3D35}
		{01D4D21C-C8EC-4496-B22E-8155F6C6EDC5} = {AC4D023D-9DC6-46DD-B211-1263692033B6}
		{C3ECAA06-A624-46A3-A12A-554910019DB6} = {F5638834-F61E-4764-A35F-FE6352CC24FB}
		{4D8A4AEB-0AF2-4344-AAE7-DC3A3E5CACFB} = {76E9E39E-3BCD-445B-8FA3-AA8EA8FFDACB}
		{DF37268D-4D40-4403-8714-C0FCD8899AD9} = {F5638834-F61E-4764-A35F-FE6352CC24FB}
	EndGlobalSection
	GlobalSection(ExtensibilityGlobals) = postSolution
		SolutionGuid = {E1EA08D2-C3AF-4975-941E-BA697F1E5F90}
	EndGlobalSection
EndGlobal
